// !$*UTF8*$!
{
	archiveVersion = 1;
	classes = {
	};
	objectVersion = 46;
	objects = {

/* Begin PBXBuildFile section */
		41FFF5451C5F6E8B00424893 /* AppDelegate.swift in Sources */ = {isa = PBXBuildFile; fileRef = 41FFF5441C5F6E8B00424893 /* AppDelegate.swift */; };
		41FFF5471C5F6E8B00424893 /* ViewController.swift in Sources */ = {isa = PBXBuildFile; fileRef = 41FFF5461C5F6E8B00424893 /* ViewController.swift */; };
		41FFF54A1C5F6E8B00424893 /* Main.storyboard in Resources */ = {isa = PBXBuildFile; fileRef = 41FFF5481C5F6E8B00424893 /* Main.storyboard */; };
		41FFF54C1C5F6E8B00424893 /* Assets.xcassets in Resources */ = {isa = PBXBuildFile; fileRef = 41FFF54B1C5F6E8B00424893 /* Assets.xcassets */; };
		41FFF54F1C5F6E8B00424893 /* LaunchScreen.storyboard in Resources */ = {isa = PBXBuildFile; fileRef = 41FFF54D1C5F6E8B00424893 /* LaunchScreen.storyboard */; };
/* End PBXBuildFile section */

/* Begin PBXFileReference section */
		41FFF5411C5F6E8B00424893 /* SuperCool.app */ = {isa = PBXFileReference; explicitFileType = wrapper.application; includeInIndex = 0; path = SuperCool.app; sourceTree = BUILT_PRODUCTS_DIR; };
		41FFF5441C5F6E8B00424893 /* AppDelegate.swift */ = {isa = PBXFileReference; lastKnownFileType = sourcecode.swift; path = AppDelegate.swift; sourceTree = "<group>"; };
		41FFF5461C5F6E8B00424893 /* ViewController.swift */ = {isa = PBXFileReference; lastKnownFileType = sourcecode.swift; path = ViewController.swift; sourceTree = "<group>"; };
		41FFF5491C5F6E8B00424893 /* Base */ = {isa = PBXFileReference; lastKnownFileType = file.storyboard; name = Base; path = Base.lproj/Main.storyboard; sourceTree = "<group>"; };
		41FFF54B1C5F6E8B00424893 /* Assets.xcassets */ = {isa = PBXFileReference; lastKnownFileType = folder.assetcatalog; path = Assets.xcassets; sourceTree = "<group>"; };
		41FFF54E1C5F6E8B00424893 /* Base */ = {isa = PBXFileReference; lastKnownFileType = file.storyboard; name = Base; path = Base.lproj/LaunchScreen.storyboard; sourceTree = "<group>"; };
		41FFF5501C5F6E8B00424893 /* Info.plist */ = {isa = PBXFileReference; lastKnownFileType = text.plist.xml; path = Info.plist; sourceTree = "<group>"; };
/* End PBXFileReference section */

/* Begin PBXFrameworksBuildPhase section */
		41FFF53E1C5F6E8B00424893 /* Frameworks */ = {
			isa = PBXFrameworksBuildPhase;
			buildActionMask = 2147483647;
			files = (
			);
			runOnlyForDeploymentPostprocessing = 0;
		};
/* End PBXFrameworksBuildPhase section */

/* Begin PBXGroup section */
		41FFF5381C5F6E8B00424893 = {
			isa = PBXGroup;
			children = (
				41FFF5431C5F6E8B00424893 /* SuperCool */,
				41FFF5421C5F6E8B00424893 /* Products */,
			);
			sourceTree = "<group>";
		};
		41FFF5421C5F6E8B00424893 /* Products */ = {
			isa = PBXGroup;
			children = (
				41FFF5411C5F6E8B00424893 /* SuperCool.app */,
			);
			name = Products;
			sourceTree = "<group>";
		};
		41FFF5431C5F6E8B00424893 /* SuperCool */ = {
			isa = PBXGroup;
			children = (
				41FFF5441C5F6E8B00424893 /* AppDelegate.swift */,
				41FFF5461C5F6E8B00424893 /* ViewController.swift */,
				41FFF5481C5F6E8B00424893 /* Main.storyboard */,
				41FFF54B1C5F6E8B00424893 /* Assets.xcassets */,
				41FFF54D1C5F6E8B00424893 /* LaunchScreen.storyboard */,
				41FFF5501C5F6E8B00424893 /* Info.plist */,
			);
			path = SuperCool;
			sourceTree = "<group>";
		};
/* End PBXGroup section */

/* Begin PBXNativeTarget section */
		41FFF5401C5F6E8B00424893 /* SuperCool */ = {
			isa = PBXNativeTarget;
			buildConfigurationList = 41FFF5531C5F6E8B00424893 /* Build configuration list for PBXNativeTarget "SuperCool" */;
			buildPhases = (
				41FFF53D1C5F6E8B00424893 /* Sources */,
				41FFF53E1C5F6E8B00424893 /* Frameworks */,
				41FFF53F1C5F6E8B00424893 /* Resources */,
			);
			buildRules = (
			);
			dependencies = (
			);
			name = SuperCool;
			productName = SuperCool;
			productReference = 41FFF5411C5F6E8B00424893 /* SuperCool.app */;
			productType = "com.apple.product-type.application";
		};
/* End PBXNativeTarget section */

/* Begin PBXProject section */
		41FFF5391C5F6E8B00424893 /* Project object */ = {
			isa = PBXProject;
			attributes = {
				LastSwiftUpdateCheck = 0720;
				LastUpgradeCheck = 0720;
				ORGANIZATIONNAME = "Manuel Ernesto";
				TargetAttributes = {
					41FFF5401C5F6E8B00424893 = {
						CreatedOnToolsVersion = 7.2;
						DevelopmentTeam = 99HXB479Q7;
					};
				};
			};
			buildConfigurationList = 41FFF53C1C5F6E8B00424893 /* Build configuration list for PBXProject "SuperCool" */;
			compatibilityVersion = "Xcode 3.2";
			developmentRegion = English;
			hasScannedForEncodings = 0;
			knownRegions = (
				en,
				Base,
			);
			mainGroup = 41FFF5381C5F6E8B00424893;
			productRefGroup = 41FFF5421C5F6E8B00424893 /* Products */;
			projectDirPath = "";
			projectRoot = "";
			targets = (
				41FFF5401C5F6E8B00424893 /* SuperCool */,
			);
		};
/* End PBXProject section */

/* Begin PBXResourcesBuildPhase section */
		41FFF53F1C5F6E8B00424893 /* Resources */ = {
			isa = PBXResourcesBuildPhase;
			buildActionMask = 2147483647;
			files = (
				41FFF54F1C5F6E8B00424893 /* LaunchScreen.storyboard in Resources */,
				41FFF54C1C5F6E8B00424893 /* Assets.xcassets in Resources */,
				41FFF54A1C5F6E8B00424893 /* Main.storyboard in Resources */,
			);
			runOnlyForDeploymentPostprocessing = 0;
		};
/* End PBXResourcesBuildPhase section */

/* Begin PBXSourcesBuildPhase section */
		41FFF53D1C5F6E8B00424893 /* Sources */ = {
			isa = PBXSourcesBuildPhase;
			buildActionMask = 2147483647;
			files = (
				41FFF5471C5F6E8B00424893 /* ViewController.swift in Sources */,
				41FFF5451C5F6E8B00424893 /* AppDelegate.swift in Sources */,
			);
			runOnlyForDeploymentPostprocessing = 0;
		};
/* End PBXSourcesBuildPhase section */

/* Begin PBXVariantGroup section */
		41FFF5481C5F6E8B00424893 /* Main.storyboard */ = {
			isa = PBXVariantGroup;
			children = (
				41FFF5491C5F6E8B00424893 /* Base */,
			);
			name = Main.storyboard;
			sourceTree = "<group>";
		};
		41FFF54D1C5F6E8B00424893 /* LaunchScreen.storyboard */ = {
			isa = PBXVariantGroup;
			children = (
				41FFF54E1C5F6E8B00424893 /* Base */,
			);
			name = LaunchScreen.storyboard;
			sourceTree = "<group>";
		};
/* End PBXVariantGroup section */

/* Begin XCBuildConfiguration section */
		41FFF5511C5F6E8B00424893 /* Debug */ = {
			isa = XCBuildConfiguration;
			buildSettings = {
				ALWAYS_SEARCH_USER_PATHS = NO;
				CLANG_CXX_LANGUAGE_STANDARD = "gnu++0x";
				CLANG_CXX_LIBRARY = "libc++";
				CLANG_ENABLE_MODULES = YES;
				CLANG_ENABLE_OBJC_ARC = YES;
				CLANG_WARN_BOOL_CONVERSION = YES;
				CLANG_WARN_CONSTANT_CONVERSION = YES;
				CLANG_WARN_DIRECT_OBJC_ISA_USAGE = YES_ERROR;
				CLANG_WARN_EMPTY_BODY = YES;
				CLANG_WARN_ENUM_CONVERSION = YES;
				CLANG_WARN_INT_CONVERSION = YES;
				CLANG_WARN_OBJC_ROOT_CLASS = YES_ERROR;
				CLANG_WARN_UNREACHABLE_CODE = YES;
				CLANG_WARN__DUPLICATE_METHOD_MATCH = YES;
				"CODE_SIGN_IDENTITY[sdk=iphoneos*]" = "iPhone Developer";
				COPY_PHASE_STRIP = NO;
				DEBUG_INFORMATION_FORMAT = dwarf;
				ENABLE_STRICT_OBJC_MSGSEND = YES;
				ENABLE_TESTABILITY = YES;
				GCC_C_LANGUAGE_STANDARD = gnu99;
				GCC_DYNAMIC_NO_PIC = NO;
				GCC_NO_COMMON_BLOCKS = YES;
				GCC_OPTIMIZATION_LEVEL = 0;
				GCC_PREPROCESSOR_DEFINITIONS = (
					"DEBUG=1",
					"$(inherited)",
				);
				GCC_WARN_64_TO_32_BIT_CONVERSION = YES;
				GCC_WARN_ABOUT_RETURN_TYPE = YES_ERROR;
				GCC_WARN_UNDECLARED_SELECTOR = YES;
				GCC_WARN_UNINITIALIZED_AUTOS = YES_AGGRESSIVE;
				GCC_WARN_UNUSED_FUNCTION = YES;
				GCC_WARN_UNUSED_VARIABLE = YES;
				IPHONEOS_DEPLOYMENT_TARGET = 9.2;
				MTL_ENABLE_DEBUG_INFO = YES;
				ONLY_ACTIVE_ARCH = YES;
				SDKROOT = iphoneos;
				SWIFT_OPTIMIZATION_LEVEL = "-Onone";
			};
			name = Debug;
		};
		41FFF5521C5F6E8B00424893 /* Release */ = {
			isa = XCBuildConfiguration;
			buildSettings = {
				ALWAYS_SEARCH_USER_PATHS = NO;
				CLANG_CXX_LANGUAGE_STANDARD = "gnu++0x";
				CLANG_CXX_LIBRARY = "libc++";
				CLANG_ENABLE_MODULES = YES;
				CLANG_ENABLE_OBJC_ARC = YES;
				CLANG_WARN_BOOL_CONVERSION = YES;
				CLANG_WARN_CONSTANT_CONVERSION = YES;
				CLANG_WARN_DIRECT_OBJC_ISA_USAGE = YES_ERROR;
				CLANG_WARN_EMPTY_BODY = YES;
				CLANG_WARN_ENUM_CONVERSION = YES;
				CLANG_WARN_INT_CONVERSION = YES;
				CLANG_WARN_OBJC_ROOT_CLASS = YES_ERROR;
				CLANG_WARN_UNREACHABLE_CODE = YES;
				CLANG_WARN__DUPLICATE_METHOD_MATCH = YES;
				"CODE_SIGN_IDENTITY[sdk=iphoneos*]" = "iPhone Developer";
				COPY_PHASE_STRIP = NO;
				DEBUG_INFORMATION_FORMAT = "dwarf-with-dsym";
				ENABLE_NS_ASSERTIONS = NO;
				ENABLE_STRICT_OBJC_MSGSEND = YES;
				GCC_C_LANGUAGE_STANDARD = gnu99;
				GCC_NO_COMMON_BLOCKS = YES;
				GCC_WARN_64_TO_32_BIT_CONVERSION = YES;
				GCC_WARN_ABOUT_RETURN_TYPE = YES_ERROR;
				GCC_WARN_UNDECLARED_SELECTOR = YES;
				GCC_WARN_UNINITIALIZED_AUTOS = YES_AGGRESSIVE;
				GCC_WARN_UNUSED_FUNCTION = YES;
				GCC_WARN_UNUSED_VARIABLE = YES;
				IPHONEOS_DEPLOYMENT_TARGET = 9.2;
				MTL_ENABLE_DEBUG_INFO = NO;
				SDKROOT = iphoneos;
				VALIDATE_PRODUCT = YES;
			};
			name = Release;
		};
		41FFF5541C5F6E8B00424893 /* Debug */ = {
			isa = XCBuildConfiguration;
			buildSettings = {
				ASSETCATALOG_COMPILER_APPICON_NAME = AppIcon;
				INFOPLIST_FILE = SuperCool/Info.plist;
				LD_RUNPATH_SEARCH_PATHS = "$(inherited) @executable_path/Frameworks";
				PRODUCT_BUNDLE_IDENTIFIER = ao.manuelernesto.SuperCool;
				PRODUCT_NAME = "$(TARGET_NAME)";
			};
			name = Debug;
		};
		41FFF5551C5F6E8B00424893 /* Release */ = {
			isa = XCBuildConfiguration;
			buildSettings = {
				ASSETCATALOG_COMPILER_APPICON_NAME = AppIcon;
				INFOPLIST_FILE = SuperCool/Info.plist;
				LD_RUNPATH_SEARCH_PATHS = "$(inherited) @executable_path/Frameworks";
				PRODUCT_BUNDLE_IDENTIFIER = ao.manuelernesto.SuperCool;
				PRODUCT_NAME = "$(TARGET_NAME)";
			};
			name = Release;
		};
/* End XCBuildConfiguration section */

/* Begin XCConfigurationList section */
		41FFF53C1C5F6E8B00424893 /* Build configuration list for PBXProject "SuperCool" */ = {
			isa = XCConfigurationList;
			buildConfigurations = (
				41FFF5511C5F6E8B00424893 /* Debug */,
				41FFF5521C5F6E8B00424893 /* Release */,
			);
			defaultConfigurationIsVisible = 0;
			defaultConfigurationName = Release;
		};
		41FFF5531C5F6E8B00424893 /* Build configuration list for PBXNativeTarget "SuperCool" */ = {
			isa = XCConfigurationList;
			buildConfigurations = (
				41FFF5541C5F6E8B00424893 /* Debug */,
				41FFF5551C5F6E8B00424893 /* Release */,
			);
			defaultConfigurationIsVisible = 0;
		};
/* End XCConfigurationList section */
	};
	rootObject = 41FFF5391C5F6E8B00424893 /* Project object */;
}
